
Microsoft Visual Studio Solution File, Format Version 12.00
# Visual Studio Version 16
VisualStudioVersion = 16.0.30225.117
MinimumVisualStudioVersion = 10.0.40219.1
Project("{FAE04EC0-301F-11D3-BF4B-00C04F79EFBC}") = "GitConnector", "GitConnector\GitConnector.csproj", "{A1191A68-0890-487D-BDB1-372285212054}"
EndProject
Global
	GlobalSection(SolutionConfigurationPlatforms) = preSolution
		Debug|Any CPU = Debug|Any CPU
		Release|Any CPU = Release|Any CPU
	EndGlobalSection
	GlobalSection(ProjectConfigurationPlatforms) = postSolution
		{A1191A68-0890-487D-BDB1-372285212054}.Debug|Any CPU.ActiveCfg = Debug|Any CPU
		{A1191A68-0890-487D-BDB1-372285212054}.Debug|Any CPU.Build.0 = Debug|Any CPU
		{A1191A68-0890-487D-BDB1-372285212054}.Release|Any CPU.ActiveCfg = Release|Any CPU
		{A1191A68-0890-487D-BDB1-372285212054}.Release|Any CPU.Build.0 = Release|Any CPU
	EndGlobalSection
	GlobalSection(SolutionProperties) = preSolution
		HideSolutionNode = FALSE
	EndGlobalSection
	GlobalSection(ExtensibilityGlobals) = postSolution
		SolutionGuid = {8231DF4E-04E3-4EC5-A798-81083A716F3E}
	EndGlobalSection
EndGlobal
